// !$*UTF8*$!
{
	archiveVersion = 1;
	classes = {
	};
	objectVersion = 50;
	objects = {

/* Begin PBXBuildFile section */
		48DFEC4B206D2C75001E47F4 /* AppDelegate.swift in Sources */ = {isa = PBXBuildFile; fileRef = 48DFEC4A206D2C75001E47F4 /* AppDelegate.swift */; };
		48DFEC4D206D2C75001E47F4 /* ViewController.swift in Sources */ = {isa = PBXBuildFile; fileRef = 48DFEC4C206D2C75001E47F4 /* ViewController.swift */; };
		48DFEC50206D2C75001E47F4 /* Main.storyboard in Resources */ = {isa = PBXBuildFile; fileRef = 48DFEC4E206D2C75001E47F4 /* Main.storyboard */; };
		48DFEC53206D2C75001E47F4 /* travelBook.xcdatamodeld in Sources */ = {isa = PBXBuildFile; fileRef = 48DFEC51206D2C75001E47F4 /* travelBook.xcdatamodeld */; };
		48DFEC55206D2C76001E47F4 /* Assets.xcassets in Resources */ = {isa = PBXBuildFile; fileRef = 48DFEC54206D2C76001E47F4 /* Assets.xcassets */; };
		48DFEC58206D2C76001E47F4 /* LaunchScreen.storyboard in Resources */ = {isa = PBXBuildFile; fileRef = 48DFEC56206D2C76001E47F4 /* LaunchScreen.storyboard */; };
		48DFEC60206D3C92001E47F4 /* Placeholder.png in Resources */ = {isa = PBXBuildFile; fileRef = 48DFEC5F206D3C92001E47F4 /* Placeholder.png */; };
		48DFEC62206D3DB3001E47F4 /* placeViewController.swift in Sources */ = {isa = PBXBuildFile; fileRef = 48DFEC61206D3DB3001E47F4 /* placeViewController.swift */; };
		48DFEC64206D77F8001E47F4 /* Continue.swift in Sources */ = {isa = PBXBuildFile; fileRef = 48DFEC63206D77F8001E47F4 /* Continue.swift */; };
/* End PBXBuildFile section */

/* Begin PBXFileReference section */
		48DFEC47206D2C75001E47F4 /* travelBook.app */ = {isa = PBXFileReference; explicitFileType = wrapper.application; includeInIndex = 0; path = travelBook.app; sourceTree = BUILT_PRODUCTS_DIR; };
		48DFEC4A206D2C75001E47F4 /* AppDelegate.swift */ = {isa = PBXFileReference; lastKnownFileType = sourcecode.swift; path = AppDelegate.swift; sourceTree = "<group>"; };
		48DFEC4C206D2C75001E47F4 /* ViewController.swift */ = {isa = PBXFileReference; lastKnownFileType = sourcecode.swift; path = ViewController.swift; sourceTree = "<group>"; };
		48DFEC4F206D2C75001E47F4 /* Base */ = {isa = PBXFileReference; lastKnownFileType = file.storyboard; name = Base; path = Base.lproj/Main.storyboard; sourceTree = "<group>"; };
		48DFEC52206D2C75001E47F4 /* travelBook.xcdatamodel */ = {isa = PBXFileReference; lastKnownFileType = wrapper.xcdatamodel; path = travelBook.xcdatamodel; sourceTree = "<group>"; };
		48DFEC54206D2C76001E47F4 /* Assets.xcassets */ = {isa = PBXFileReference; lastKnownFileType = folder.assetcatalog; path = Assets.xcassets; sourceTree = "<group>"; };
		48DFEC57206D2C76001E47F4 /* Base */ = {isa = PBXFileReference; lastKnownFileType = file.storyboard; name = Base; path = Base.lproj/LaunchScreen.storyboard; sourceTree = "<group>"; };
		48DFEC59206D2C76001E47F4 /* Info.plist */ = {isa = PBXFileReference; lastKnownFileType = text.plist.xml; path = Info.plist; sourceTree = "<group>"; };
		48DFEC5F206D3C92001E47F4 /* Placeholder.png */ = {isa = PBXFileReference; lastKnownFileType = image.png; name = Placeholder.png; path = ../../../../../Downloads/Placeholder.png; sourceTree = "<group>"; };
		48DFEC61206D3DB3001E47F4 /* placeViewController.swift */ = {isa = PBXFileReference; lastKnownFileType = sourcecode.swift; path = placeViewController.swift; sourceTree = "<group>"; };
		48DFEC63206D77F8001E47F4 /* Continue.swift */ = {isa = PBXFileReference; lastKnownFileType = sourcecode.swift; path = Continue.swift; sourceTree = "<group>"; };
/* End PBXFileReference section */

/* Begin PBXFrameworksBuildPhase section */
		48DFEC44206D2C75001E47F4 /* Frameworks */ = {
			isa = PBXFrameworksBuildPhase;
			buildActionMask = 2147483647;
			files = (
			);
			runOnlyForDeploymentPostprocessing = 0;
		};
/* End PBXFrameworksBuildPhase section */

/* Begin PBXGroup section */
		48DFEC3E206D2C75001E47F4 = {
			isa = PBXGroup;
			children = (
				48DFEC49206D2C75001E47F4 /* travelBook */,
				48DFEC48206D2C75001E47F4 /* Products */,
			);
			sourceTree = "<group>";
		};
		48DFEC48206D2C75001E47F4 /* Products */ = {
			isa = PBXGroup;
			children = (
				48DFEC47206D2C75001E47F4 /* travelBook.app */,
			);
			name = Products;
			sourceTree = "<group>";
		};
		48DFEC49206D2C75001E47F4 /* travelBook */ = {
			isa = PBXGroup;
			children = (
				48DFEC4A206D2C75001E47F4 /* AppDelegate.swift */,
				48DFEC4C206D2C75001E47F4 /* ViewController.swift */,
				48DFEC63206D77F8001E47F4 /* Continue.swift */,
				48DFEC61206D3DB3001E47F4 /* placeViewController.swift */,
				48DFEC4E206D2C75001E47F4 /* Main.storyboard */,
				48DFEC54206D2C76001E47F4 /* Assets.xcassets */,
				48DFEC5F206D3C92001E47F4 /* Placeholder.png */,
				48DFEC56206D2C76001E47F4 /* LaunchScreen.storyboard */,
				48DFEC59206D2C76001E47F4 /* Info.plist */,
				48DFEC51206D2C75001E47F4 /* travelBook.xcdatamodeld */,
			);
			path = travelBook;
			sourceTree = "<group>";
		};
/* End PBXGroup section */

/* Begin PBXNativeTarget section */
		48DFEC46206D2C75001E47F4 /* travelBook */ = {
			isa = PBXNativeTarget;
			buildConfigurationList = 48DFEC5C206D2C76001E47F4 /* Build configuration list for PBXNativeTarget "travelBook" */;
			buildPhases = (
				48DFEC43206D2C75001E47F4 /* Sources */,
				48DFEC44206D2C75001E47F4 /* Frameworks */,
				48DFEC45206D2C75001E47F4 /* Resources */,
			);
			buildRules = (
			);
			dependencies = (
			);
			name = travelBook;
			productName = travelBook;
			productReference = 48DFEC47206D2C75001E47F4 /* travelBook.app */;
			productType = "com.apple.product-type.application";
		};
/* End PBXNativeTarget section */

/* Begin PBXProject section */
		48DFEC3F206D2C75001E47F4 /* Project object */ = {
			isa = PBXProject;
			attributes = {
				LastSwiftUpdateCheck = 0930;
				LastUpgradeCheck = 0930;
				ORGANIZATIONNAME = KSARC;
				TargetAttributes = {
					48DFEC46206D2C75001E47F4 = {
						CreatedOnToolsVersion = 9.3;
					};
				};
			};
			buildConfigurationList = 48DFEC42206D2C75001E47F4 /* Build configuration list for PBXProject "travelBook" */;
			compatibilityVersion = "Xcode 9.3";
			developmentRegion = en;
			hasScannedForEncodings = 0;
			knownRegions = (
				en,
				Base,
			);
			mainGroup = 48DFEC3E206D2C75001E47F4;
			productRefGroup = 48DFEC48206D2C75001E47F4 /* Products */;
			projectDirPath = "";
			projectRoot = "";
			targets = (
				48DFEC46206D2C75001E47F4 /* travelBook */,
			);
		};
/* End PBXProject section */

/* Begin PBXResourcesBuildPhase section */
		48DFEC45206D2C75001E47F4 /* Resources */ = {
			isa = PBXResourcesBuildPhase;
			buildActionMask = 2147483647;
			files = (
				48DFEC58206D2C76001E47F4 /* LaunchScreen.storyboard in Resources */,
				48DFEC60206D3C92001E47F4 /* Placeholder.png in Resources */,
				48DFEC55206D2C76001E47F4 /* Assets.xcassets in Resources */,
				48DFEC50206D2C75001E47F4 /* Main.storyboard in Resources */,
			);
			runOnlyForDeploymentPostprocessing = 0;
		};
/* End PBXResourcesBuildPhase section */

/* Begin PBXSourcesBuildPhase section */
		48DFEC43206D2C75001E47F4 /* Sources */ = {
			isa = PBXSourcesBuildPhase;
			buildActionMask = 2147483647;
			files = (
				48DFEC62206D3DB3001E47F4 /* placeViewController.swift in Sources */,
				48DFEC4D206D2C75001E47F4 /* ViewController.swift in Sources */,
				48DFEC53206D2C75001E47F4 /* travelBook.xcdatamodeld in Sources */,
				48DFEC4B206D2C75001E47F4 /* AppDelegate.swift in Sources */,
				48DFEC64206D77F8001E47F4 /* Continue.swift in Sources */,
			);
			runOnlyForDeploymentPostprocessing = 0;
		};
/* End PBXSourcesBuildPhase section */

/* Begin PBXVariantGroup section */
		48DFEC4E206D2C75001E47F4 /* Main.storyboard */ = {
			isa = PBXVariantGroup;
			children = (
				48DFEC4F206D2C75001E47F4 /* Base */,
			);
			name = Main.storyboard;
			sourceTree = "<group>";
		};
		48DFEC56206D2C76001E47F4 /* LaunchScreen.storyboard */ = {
			isa = PBXVariantGroup;
			children = (
				48DFEC57206D2C76001E47F4 /* Base */,
			);
			name = LaunchScreen.storyboard;
			sourceTree = "<group>";
		};
/* End PBXVariantGroup section */

/* Begin XCBuildConfiguration section */
		48DFEC5A206D2C76001E47F4 /* Debug */ = {
			isa = XCBuildConfiguration;
			buildSettings = {
				ALWAYS_SEARCH_USER_PATHS = NO;
				CLANG_ANALYZER_NONNULL = YES;
				CLANG_ANALYZER_NUMBER_OBJECT_CONVERSION = YES_AGGRESSIVE;
				CLANG_CXX_LANGUAGE_STANDARD = "gnu++14";
				CLANG_CXX_LIBRARY = "libc++";
				CLANG_ENABLE_MODULES = YES;
				CLANG_ENABLE_OBJC_ARC = YES;
				CLANG_ENABLE_OBJC_WEAK = YES;
				CLANG_WARN_BLOCK_CAPTURE_AUTORELEASING = YES;
				CLANG_WARN_BOOL_CONVERSION = YES;
				CLANG_WARN_COMMA = YES;
				CLANG_WARN_CONSTANT_CONVERSION = YES;
				CLANG_WARN_DEPRECATED_OBJC_IMPLEMENTATIONS = YES;
				CLANG_WARN_DIRECT_OBJC_ISA_USAGE = YES_ERROR;
				CLANG_WARN_DOCUMENTATION_COMMENTS = YES;
				CLANG_WARN_EMPTY_BODY = YES;
				CLANG_WARN_ENUM_CONVERSION = YES;
				CLANG_WARN_INFINITE_RECURSION = YES;
				CLANG_WARN_INT_CONVERSION = YES;
				CLANG_WARN_NON_LITERAL_NULL_CONVERSION = YES;
				CLANG_WARN_OBJC_IMPLICIT_RETAIN_SELF = YES;
				CLANG_WARN_OBJC_LITERAL_CONVERSION = YES;
				CLANG_WARN_OBJC_ROOT_CLASS = YES_ERROR;
				CLANG_WARN_RANGE_LOOP_ANALYSIS = YES;
				CLANG_WARN_STRICT_PROTOTYPES = YES;
				CLANG_WARN_SUSPICIOUS_MOVE = YES;
				CLANG_WARN_UNGUARDED_AVAILABILITY = YES_AGGRESSIVE;
				CLANG_WARN_UNREACHABLE_CODE = YES;
				CLANG_WARN__DUPLICATE_METHOD_MATCH = YES;
				CODE_SIGN_IDENTITY = "iPhone Developer";
				COPY_PHASE_STRIP = NO;
				DEBUG_INFORMATION_FORMAT = dwarf;
				ENABLE_STRICT_OBJC_MSGSEND = YES;
				ENABLE_TESTABILITY = YES;
				GCC_C_LANGUAGE_STANDARD = gnu11;
				GCC_DYNAMIC_NO_PIC = NO;
				GCC_NO_COMMON_BLOCKS = YES;
				GCC_OPTIMIZATION_LEVEL = 0;
				GCC_PREPROCESSOR_DEFINITIONS = (
					"DEBUG=1",
					"$(inherited)",
				);
				GCC_WARN_64_TO_32_BIT_CONVERSION = YES;
				GCC_WARN_ABOUT_RETURN_TYPE = YES_ERROR;
				GCC_WARN_UNDECLARED_SELECTOR = YES;
				GCC_WARN_UNINITIALIZED_AUTOS = YES_AGGRESSIVE;
				GCC_WARN_UNUSED_FUNCTION = YES;
				GCC_WARN_UNUSED_VARIABLE = YES;
				IPHONEOS_DEPLOYMENT_TARGET = 11.3;
				MTL_ENABLE_DEBUG_INFO = YES;
				ONLY_ACTIVE_ARCH = YES;
				SDKROOT = iphoneos;
				SWIFT_ACTIVE_COMPILATION_CONDITIONS = DEBUG;
				SWIFT_OPTIMIZATION_LEVEL = "-Onone";
			};
			name = Debug;
		};
		48DFEC5B206D2C76001E47F4 /* Release */ = {
			isa = XCBuildConfiguration;
			buildSettings = {
				ALWAYS_SEARCH_USER_PATHS = NO;
				CLANG_ANALYZER_NONNULL = YES;
				CLANG_ANALYZER_NUMBER_OBJECT_CONVERSION = YES_AGGRESSIVE;
				CLANG_CXX_LANGUAGE_STANDARD = "gnu++14";
				CLANG_CXX_LIBRARY = "libc++";
				CLANG_ENABLE_MODULES = YES;
				CLANG_ENABLE_OBJC_ARC = YES;
				CLANG_ENABLE_OBJC_WEAK = YES;
				CLANG_WARN_BLOCK_CAPTURE_AUTORELEASING = YES;
				CLANG_WARN_BOOL_CONVERSION = YES;
				CLANG_WARN_COMMA = YES;
				CLANG_WARN_CONSTANT_CONVERSION = YES;
				CLANG_WARN_DEPRECATED_OBJC_IMPLEMENTATIONS = YES;
				CLANG_WARN_DIRECT_OBJC_ISA_USAGE = YES_ERROR;
				CLANG_WARN_DOCUMENTATION_COMMENTS = YES;
				CLANG_WARN_EMPTY_BODY = YES;
				CLANG_WARN_ENUM_CONVERSION = YES;
				CLANG_WARN_INFINITE_RECURSION = YES;
				CLANG_WARN_INT_CONVERSION = YES;
				CLANG_WARN_NON_LITERAL_NULL_CONVERSION = YES;
				CLANG_WARN_OBJC_IMPLICIT_RETAIN_SELF = YES;
				CLANG_WARN_OBJC_LITERAL_CONVERSION = YES;
				CLANG_WARN_OBJC_ROOT_CLASS = YES_ERROR;
				CLANG_WARN_RANGE_LOOP_ANALYSIS = YES;
				CLANG_WARN_STRICT_PROTOTYPES = YES;
				CLANG_WARN_SUSPICIOUS_MOVE = YES;
				CLANG_WARN_UNGUARDED_AVAILABILITY = YES_AGGRESSIVE;
				CLANG_WARN_UNREACHABLE_CODE = YES;
				CLANG_WARN__DUPLICATE_METHOD_MATCH = YES;
				CODE_SIGN_IDENTITY = "iPhone Developer";
				COPY_PHASE_STRIP = NO;
				DEBUG_INFORMATION_FORMAT = "dwarf-with-dsym";
				ENABLE_NS_ASSERTIONS = NO;
				ENABLE_STRICT_OBJC_MSGSEND = YES;
				GCC_C_LANGUAGE_STANDARD = gnu11;
				GCC_NO_COMMON_BLOCKS = YES;
				GCC_WARN_64_TO_32_BIT_CONVERSION = YES;
				GCC_WARN_ABOUT_RETURN_TYPE = YES_ERROR;
				GCC_WARN_UNDECLARED_SELECTOR = YES;
				GCC_WARN_UNINITIALIZED_AUTOS = YES_AGGRESSIVE;
				GCC_WARN_UNUSED_FUNCTION = YES;
				GCC_WARN_UNUSED_VARIABLE = YES;
				IPHONEOS_DEPLOYMENT_TARGET = 11.3;
				MTL_ENABLE_DEBUG_INFO = NO;
				SDKROOT = iphoneos;
				SWIFT_COMPILATION_MODE = wholemodule;
				SWIFT_OPTIMIZATION_LEVEL = "-O";
				VALIDATE_PRODUCT = YES;
			};
			name = Release;
		};
		48DFEC5D206D2C76001E47F4 /* Debug */ = {
			isa = XCBuildConfiguration;
			buildSettings = {
				ASSETCATALOG_COMPILER_APPICON_NAME = AppIcon;
				CODE_SIGN_STYLE = Automatic;
				DEVELOPMENT_TEAM = 832J36ARLN;
				INFOPLIST_FILE = travelBook/Info.plist;
				LD_RUNPATH_SEARCH_PATHS = (
					"$(inherited)",
					"@executable_path/Frameworks",
				);
				PRODUCT_BUNDLE_IDENTIFIER = com.ksarc.travelBook;
				PRODUCT_NAME = "$(TARGET_NAME)";
				SWIFT_VERSION = 4.0;
				TARGETED_DEVICE_FAMILY = "1,2";
			};
			name = Debug;
		};
		48DFEC5E206D2C76001E47F4 /* Release */ = {
			isa = XCBuildConfiguration;
			buildSettings = {
				ASSETCATALOG_COMPILER_APPICON_NAME = AppIcon;
				CODE_SIGN_STYLE = Automatic;
				DEVELOPMENT_TEAM = 832J36ARLN;
				INFOPLIST_FILE = travelBook/Info.plist;
				LD_RUNPATH_SEARCH_PATHS = (
					"$(inherited)",
					"@executable_path/Frameworks",
				);
				PRODUCT_BUNDLE_IDENTIFIER = com.ksarc.travelBook;
				PRODUCT_NAME = "$(TARGET_NAME)";
				SWIFT_VERSION = 4.0;
				TARGETED_DEVICE_FAMILY = "1,2";
			};
			name = Release;
		};
/* End XCBuildConfiguration section */

/* Begin XCConfigurationList section */
		48DFEC42206D2C75001E47F4 /* Build configuration list for PBXProject "travelBook" */ = {
			isa = XCConfigurationList;
			buildConfigurations = (
				48DFEC5A206D2C76001E47F4 /* Debug */,
				48DFEC5B206D2C76001E47F4 /* Release */,
			);
			defaultConfigurationIsVisible = 0;
			defaultConfigurationName = Release;
		};
		48DFEC5C206D2C76001E47F4 /* Build configuration list for PBXNativeTarget "travelBook" */ = {
			isa = XCConfigurationList;
			buildConfigurations = (
				48DFEC5D206D2C76001E47F4 /* Debug */,
				48DFEC5E206D2C76001E47F4 /* Release */,
			);
			defaultConfigurationIsVisible = 0;
			defaultConfigurationName = Release;
		};
/* End XCConfigurationList section */

/* Begin XCVersionGroup section */
		48DFEC51206D2C75001E47F4 /* travelBook.xcdatamodeld */ = {
			isa = XCVersionGroup;
			children = (
				48DFEC52206D2C75001E47F4 /* travelBook.xcdatamodel */,
			);
			currentVersion = 48DFEC52206D2C75001E47F4 /* travelBook.xcdatamodel */;
			path = travelBook.xcdatamodeld;
			sourceTree = "<group>";
			versionGroupType = wrapper.xcdatamodel;
		};
/* End XCVersionGroup section */
	};
	rootObject = 48DFEC3F206D2C75001E47F4 /* Project object */;
}
